
Microsoft Visual Studio Solution File, Format Version 12.00
# Visual Studio Version 17
VisualStudioVersion = 17.0.31903.59
MinimumVisualStudioVersion = 10.0.40219.1
Project("{2150E333-8FDC-42A3-9474-1A3956D46DE8}") = "MeTube-DevOps.UserService", "MeTube-DevOps.UserService", "{358F45C1-41BB-40BD-9D4C-628F37E8F4A9}"
EndProject
Project("{FAE04EC0-301F-11D3-BF4B-00C04F79EFBC}") = "MeTube-DevOps.UserService", "MeTube-DevOps.UserService\MeTube-DevOps.UserService\MeTube-DevOps.UserService.csproj", "{B3005954-65F4-4B60-8120-52611068604C}"
EndProject
Project("{FAE04EC0-301F-11D3-BF4B-00C04F79EFBC}") = "MeTube-DevOps.UserService.UnitTests", "MeTube-DevOps.UserService\MeTube-DevOps.UserService.UnitTests\MeTube-DevOps.UserService.UnitTests.csproj", "{736C6253-7CC8-4821-A06E-A48C65439271}"
EndProject
Project("{FAE04EC0-301F-11D3-BF4B-00C04F79EFBC}") = "MeTube-DevOps.UserService.IntegrTests", "MeTube-DevOps.UserService\MeTube-DevOps.UserService.IntegrTests\MeTube-DevOps.UserService.IntegrTests.csproj", "{6EE9DAAF-588F-40A3-9421-5F79027DF87F}"
EndProject
Project("{2150E333-8FDC-42A3-9474-1A3956D46DE8}") = "MeTube-Client", "MeTube-Client", "{C76A6965-9720-4094-A1CB-2C2F97EEA857}"
EndProject
Project("{FAE04EC0-301F-11D3-BF4B-00C04F79EFBC}") = "MeTube.Client", "MeTube-Client\MeTube-Client\MeTube.Client.csproj", "{C64A6855-C017-42D8-B2C2-4FADE6717DBE}"
EndProject
Project("{2150E333-8FDC-42A3-9474-1A3956D46DE8}") = "MeTube-GateWay", "MeTube-GateWay", "{C3510E97-AC73-4668-87AA-C8F8140F747D}"
EndProject
Project("{FAE04EC0-301F-11D3-BF4B-00C04F79EFBC}") = "MeTube-GateWay", "MeTube-GateWay\MeTube-GateWay\MeTube-GateWay.csproj", "{995BA7EC-3589-442E-BCEE-AFF2A87D3B02}"
EndProject
Project("{FAE04EC0-301F-11D3-BF4B-00C04F79EFBC}") = "MeTube-GateWay.IntegrationTests", "MeTube-GateWay\MeTube-GateWay.IntegrationTests\MeTube-GateWay.IntegrationTests.csproj", "{28785279-1B95-46E6-8ABE-A423BAD6933A}"
EndProject
Project("{FAE04EC0-301F-11D3-BF4B-00C04F79EFBC}") = "MeTube-GateWay.UnitTests", "MeTube-GateWay\MeTube-GateWay.UnitTests\MeTube-GateWay.UnitTests.csproj", "{E5EB2987-E3E4-4BEB-BCE7-E5FA7AC2E66B}"
EndProject
Global
	GlobalSection(SolutionConfigurationPlatforms) = preSolution
		Debug|Any CPU = Debug|Any CPU
		Release|Any CPU = Release|Any CPU
	EndGlobalSection
	GlobalSection(SolutionProperties) = preSolution
		HideSolutionNode = FALSE
	EndGlobalSection
	GlobalSection(ProjectConfigurationPlatforms) = postSolution
		{B3005954-65F4-4B60-8120-52611068604C}.Debug|Any CPU.ActiveCfg = Debug|Any CPU
		{B3005954-65F4-4B60-8120-52611068604C}.Debug|Any CPU.Build.0 = Debug|Any CPU
		{B3005954-65F4-4B60-8120-52611068604C}.Release|Any CPU.ActiveCfg = Release|Any CPU
		{B3005954-65F4-4B60-8120-52611068604C}.Release|Any CPU.Build.0 = Release|Any CPU
		{736C6253-7CC8-4821-A06E-A48C65439271}.Debug|Any CPU.ActiveCfg = Debug|Any CPU
		{736C6253-7CC8-4821-A06E-A48C65439271}.Debug|Any CPU.Build.0 = Debug|Any CPU
		{736C6253-7CC8-4821-A06E-A48C65439271}.Release|Any CPU.ActiveCfg = Release|Any CPU
		{736C6253-7CC8-4821-A06E-A48C65439271}.Release|Any CPU.Build.0 = Release|Any CPU
		{6EE9DAAF-588F-40A3-9421-5F79027DF87F}.Debug|Any CPU.ActiveCfg = Debug|Any CPU
		{6EE9DAAF-588F-40A3-9421-5F79027DF87F}.Debug|Any CPU.Build.0 = Debug|Any CPU
		{6EE9DAAF-588F-40A3-9421-5F79027DF87F}.Release|Any CPU.ActiveCfg = Release|Any CPU
		{6EE9DAAF-588F-40A3-9421-5F79027DF87F}.Release|Any CPU.Build.0 = Release|Any CPU
		{C64A6855-C017-42D8-B2C2-4FADE6717DBE}.Debug|Any CPU.ActiveCfg = Debug|Any CPU
		{C64A6855-C017-42D8-B2C2-4FADE6717DBE}.Debug|Any CPU.Build.0 = Debug|Any CPU
		{C64A6855-C017-42D8-B2C2-4FADE6717DBE}.Release|Any CPU.ActiveCfg = Release|Any CPU
		{C64A6855-C017-42D8-B2C2-4FADE6717DBE}.Release|Any CPU.Build.0 = Release|Any CPU
		{995BA7EC-3589-442E-BCEE-AFF2A87D3B02}.Debug|Any CPU.ActiveCfg = Debug|Any CPU
		{995BA7EC-3589-442E-BCEE-AFF2A87D3B02}.Debug|Any CPU.Build.0 = Debug|Any CPU
		{995BA7EC-3589-442E-BCEE-AFF2A87D3B02}.Release|Any CPU.ActiveCfg = Release|Any CPU
		{995BA7EC-3589-442E-BCEE-AFF2A87D3B02}.Release|Any CPU.Build.0 = Release|Any CPU
		{28785279-1B95-46E6-8ABE-A423BAD6933A}.Debug|Any CPU.ActiveCfg = Debug|Any CPU
		{28785279-1B95-46E6-8ABE-A423BAD6933A}.Debug|Any CPU.Build.0 = Debug|Any CPU
		{28785279-1B95-46E6-8ABE-A423BAD6933A}.Release|Any CPU.ActiveCfg = Release|Any CPU
		{28785279-1B95-46E6-8ABE-A423BAD6933A}.Release|Any CPU.Build.0 = Release|Any CPU
		{E5EB2987-E3E4-4BEB-BCE7-E5FA7AC2E66B}.Debug|Any CPU.ActiveCfg = Debug|Any CPU
		{E5EB2987-E3E4-4BEB-BCE7-E5FA7AC2E66B}.Debug|Any CPU.Build.0 = Debug|Any CPU
		{E5EB2987-E3E4-4BEB-BCE7-E5FA7AC2E66B}.Release|Any CPU.ActiveCfg = Release|Any CPU
		{E5EB2987-E3E4-4BEB-BCE7-E5FA7AC2E66B}.Release|Any CPU.Build.0 = Release|Any CPU
	EndGlobalSection
	GlobalSection(NestedProjects) = preSolution
		{B3005954-65F4-4B60-8120-52611068604C} = {358F45C1-41BB-40BD-9D4C-628F37E8F4A9}
		{736C6253-7CC8-4821-A06E-A48C65439271} = {358F45C1-41BB-40BD-9D4C-628F37E8F4A9}
		{6EE9DAAF-588F-40A3-9421-5F79027DF87F} = {358F45C1-41BB-40BD-9D4C-628F37E8F4A9}
		{C64A6855-C017-42D8-B2C2-4FADE6717DBE} = {C76A6965-9720-4094-A1CB-2C2F97EEA857}
		{995BA7EC-3589-442E-BCEE-AFF2A87D3B02} = {C3510E97-AC73-4668-87AA-C8F8140F747D}
		{28785279-1B95-46E6-8ABE-A423BAD6933A} = {C3510E97-AC73-4668-87AA-C8F8140F747D}
		{E5EB2987-E3E4-4BEB-BCE7-E5FA7AC2E66B} = {C3510E97-AC73-4668-87AA-C8F8140F747D}
	EndGlobalSection
EndGlobal
